{
  "version": 4,
  "terraform_version": "1.14.3",
  "serial": 14,
  "lineage": "d136c9d1-6bdf-4445-92cc-f423bf0b5c75",
  "outputs": {
    "gateway_ip": {
      "value": "35.240.116.58",
      "type": "string"
    },
    "gateway_public_ip": {
      "value": "35.240.116.58",
      "type": "string"
    },
    "master_private_ip": {
      "value": "10.240.0.10",
      "type": "string"
    },
    "ssh_command_gateway": {
      "value": "ssh -i ../id_rsa_gcp ubuntu@35.240.116.58",
      "type": "string"
    },
    "worker_private_ips": {
      "value": [
        "10.240.0.5",
        "10.240.0.3",
        "10.240.0.4"
      ],
      "type": [
        "tuple",
        [
          "string",
          "string",
          "string"
        ]
      ]
    }
  },
  "resources": [
    {
      "mode": "managed",
      "type": "google_compute_firewall",
      "name": "internal",
      "provider": "provider[\"registry.terraform.io/hashicorp/google\"]",
      "instances": [
        {
          "schema_version": 1,
          "attributes": {
            "allow": [
              {
                "ports": [
                  "0-65535"
                ],
                "protocol": "tcp"
              },
              {
                "ports": [
                  "0-65535"
                ],
                "protocol": "udp"
              },
              {
                "ports": [],
                "protocol": "icmp"
              }
            ],
            "creation_timestamp": "2025-12-30T08:48:15.360-08:00",
            "deny": [],
            "description": "",
            "destination_ranges": [],
            "direction": "INGRESS",
            "disabled": false,
            "enable_logging": null,
            "id": "projects/sdtd-2/global/firewalls/allow-internal",
            "log_config": [],
            "name": "allow-internal",
            "network": "https://www.googleapis.com/compute/v1/projects/sdtd-2/global/networks/k8s-vpc",
            "params": [],
            "priority": 1000,
            "project": "sdtd-2",
            "self_link": "https://www.googleapis.com/compute/v1/projects/sdtd-2/global/firewalls/allow-internal",
            "source_ranges": [
              "10.240.0.0/24"
            ],
            "source_service_accounts": null,
            "source_tags": null,
            "target_service_accounts": null,
            "target_tags": null,
            "timeouts": null
          },
          "sensitive_attributes": [],
          "identity_schema_version": 0,
          "private": "eyJlMmJmYjczMC1lY2FhLTExZTYtOGY4OC0zNDM2M2JjN2M0YzAiOnsiY3JlYXRlIjoxMjAwMDAwMDAwMDAwLCJkZWxldGUiOjEyMDAwMDAwMDAwMDAsInVwZGF0ZSI6MTIwMDAwMDAwMDAwMH0sInNjaGVtYV92ZXJzaW9uIjoiMSJ9",
          "dependencies": [
            "google_compute_network.vpc"
          ]
        }
      ]
    },
    {
      "mode": "managed",
      "type": "google_compute_firewall",
      "name": "ssh",
      "provider": "provider[\"registry.terraform.io/hashicorp/google\"]",
      "instances": [
        {
          "schema_version": 1,
          "attributes": {
            "allow": [
              {
                "ports": [
                  "22"
                ],
                "protocol": "tcp"
              }
            ],
            "creation_timestamp": "2025-12-30T08:48:15.297-08:00",
            "deny": [],
            "description": "",
            "destination_ranges": [],
            "direction": "INGRESS",
            "disabled": false,
            "enable_logging": null,
            "id": "projects/sdtd-2/global/firewalls/allow-ssh-gateway",
            "log_config": [],
            "name": "allow-ssh-gateway",
            "network": "https://www.googleapis.com/compute/v1/projects/sdtd-2/global/networks/k8s-vpc",
            "params": [],
            "priority": 1000,
            "project": "sdtd-2",
            "self_link": "https://www.googleapis.com/compute/v1/projects/sdtd-2/global/firewalls/allow-ssh-gateway",
            "source_ranges": [
              "0.0.0.0/0"
            ],
            "source_service_accounts": null,
            "source_tags": null,
            "target_service_accounts": null,
            "target_tags": [
              "gateway"
            ],
            "timeouts": null
          },
          "sensitive_attributes": [],
          "identity_schema_version": 0,
          "private": "eyJlMmJmYjczMC1lY2FhLTExZTYtOGY4OC0zNDM2M2JjN2M0YzAiOnsiY3JlYXRlIjoxMjAwMDAwMDAwMDAwLCJkZWxldGUiOjEyMDAwMDAwMDAwMDAsInVwZGF0ZSI6MTIwMDAwMDAwMDAwMH0sInNjaGVtYV92ZXJzaW9uIjoiMSJ9",
          "dependencies": [
            "google_compute_network.vpc"
          ]
        }
      ]
    },
    {
      "mode": "managed",
      "type": "google_compute_instance",
      "name": "gateway",
      "provider": "provider[\"registry.terraform.io/hashicorp/google\"]",
      "instances": [
        {
          "schema_version": 6,
          "attributes": {
            "advanced_machine_features": [],
            "allow_stopping_for_update": null,
            "attached_disk": [],
            "boot_disk": [
              {
                "auto_delete": true,
                "device_name": "persistent-disk-0",
                "disk_encryption_key_raw": "",
                "disk_encryption_key_rsa": "",
                "disk_encryption_key_sha256": "",
                "disk_encryption_service_account": "",
                "force_attach": false,
                "guest_os_features": [
                  "VIRTIO_SCSI_MULTIQUEUE",
                  "SEV_CAPABLE",
                  "SEV_SNP_CAPABLE",
                  "SEV_LIVE_MIGRATABLE",
                  "SEV_LIVE_MIGRATABLE_V2",
                  "IDPF",
                  "TDX_CAPABLE",
                  "UEFI_COMPATIBLE",
                  "GVNIC"
                ],
                "initialize_params": [
                  {
                    "architecture": "X86_64",
                    "enable_confidential_compute": false,
                    "image": "https://www.googleapis.com/compute/v1/projects/ubuntu-os-cloud/global/images/ubuntu-2204-jammy-v20251218",
                    "labels": {},
                    "provisioned_iops": 0,
                    "provisioned_throughput": 0,
                    "resource_manager_tags": null,
                    "resource_policies": [],
                    "size": 10,
                    "snapshot": "",
                    "source_image_encryption_key": [],
                    "source_snapshot_encryption_key": [],
                    "storage_pool": "",
                    "type": "pd-standard"
                  }
                ],
                "interface": "",
                "kms_key_self_link": "",
                "mode": "READ_WRITE",
                "source": "https://www.googleapis.com/compute/v1/projects/sdtd-2/zones/europe-west1-b/disks/gateway"
              }
            ],
            "can_ip_forward": false,
            "confidential_instance_config": [],
            "cpu_platform": "Intel Broadwell",
            "creation_timestamp": "2025-12-30T08:48:37.449-08:00",
            "current_status": "RUNNING",
            "deletion_protection": false,
            "description": "",
            "desired_status": null,
            "effective_labels": {
              "goog-terraform-provisioned": "true"
            },
            "enable_display": false,
            "guest_accelerator": [],
            "hostname": "",
            "id": "projects/sdtd-2/zones/europe-west1-b/instances/gateway",
            "instance_encryption_key": [],
            "instance_id": "3107166996429126794",
            "key_revocation_action_type": "",
            "label_fingerprint": "vezUS-42LLM=",
            "labels": null,
            "machine_type": "e2-medium",
            "metadata": {
              "ssh-keys": "ubuntu:ssh-rsa AAAAB3NzaC1yc2EAAAADAQABAAACAQDoYktPD1S2P7M9TIRJ34Vne4PtRGicgwMXDLejccxBnyxETYavLD2Aa5xO1X38F3My3XMGr+Gnuo2KM9s5xtBuvhVv4Q/idFCesNfJx776owY4DwX+a/vMO8KjtT1KM7I1/Ybez79FHQXCTw6RGTdbhIw1b0ce4OHN46RkfLTlkUag7vLDO8//HOTFNnQzvqktIC5knqvBNTYat6kz7LQUFW0+lwAZk2h2rL1cS5te7RE66O+ij0Mp8L+SBXMzGdRAD5tq1oJZNxeQltmuo3NUIpFkRDxRtT9AuJf9kJ7VOfO6mIOEqTbqh5dZH4Hhp9aci7yZdIKKZG0alu2+f8OzmSn9SSf19bjhsHM7mxCrOxTFENE9eeGnxZbqRiSHe37sEzdbHh3WkjOurXtzYFtN+llXxxyWGptNWNtHwLHh2lp6aJ3BqloEsf7WX53u5qZzc3H51X2XBkvWhhFX7XADycxlpOyT1DOO996bD4QLP9WMXgY0+0Bk6TtOiA//f37hHR994Xvm/RKi69HVCoOrNmKCIeIbAgViTkvFYMyh7N9x9Pz2Mj38c/95eTWoQ7YmBJ7urvlesZvOcAK902Y6qv5OftS/JB1rnMvZ52kdRtiJQcbXImyye7rMY1MmNnikenGfOwcmXX4LHOEtLlOKRPh27gVJiJ0zk8WHtkioYQ==\n"
            },
            "metadata_fingerprint": "J6rRJYhJVOI=",
            "metadata_startup_script": null,
            "min_cpu_platform": "",
            "name": "gateway",
            "network_interface": [
              {
                "access_config": [
                  {
                    "nat_ip": "35.240.116.58",
                    "network_tier": "PREMIUM",
                    "public_ptr_domain_name": ""
                  }
                ],
                "alias_ip_range": [],
                "internal_ipv6_prefix_length": 0,
                "ipv6_access_config": [],
                "ipv6_access_type": "",
                "ipv6_address": "",
                "name": "nic0",
                "network": "https://www.googleapis.com/compute/v1/projects/sdtd-2/global/networks/k8s-vpc",
                "network_attachment": "",
                "network_ip": "10.240.0.2",
                "nic_type": "",
                "queue_count": 0,
                "stack_type": "IPV4_ONLY",
                "subnetwork": "https://www.googleapis.com/compute/v1/projects/sdtd-2/regions/europe-west1/subnetworks/k8s-subnet",
                "subnetwork_project": "sdtd-2"
              }
            ],
            "network_performance_config": [],
            "params": [],
            "project": "sdtd-2",
            "reservation_affinity": [],
            "resource_policies": null,
            "scheduling": [
              {
                "automatic_restart": true,
                "availability_domain": 0,
                "instance_termination_action": "",
                "local_ssd_recovery_timeout": [],
                "max_run_duration": [],
                "min_node_cpus": 0,
                "node_affinities": [],
                "on_host_maintenance": "MIGRATE",
                "on_instance_stop_action": [],
                "preemptible": false,
                "provisioning_model": "STANDARD",
                "termination_time": ""
              }
            ],
            "scratch_disk": [],
            "self_link": "https://www.googleapis.com/compute/v1/projects/sdtd-2/zones/europe-west1-b/instances/gateway",
            "service_account": [],
            "shielded_instance_config": [
              {
                "enable_integrity_monitoring": true,
                "enable_secure_boot": false,
                "enable_vtpm": true
              }
            ],
            "tags": [
              "gateway"
            ],
            "tags_fingerprint": "UrM6jlsUTDs=",
            "terraform_labels": {
              "goog-terraform-provisioned": "true"
            },
            "timeouts": null,
            "zone": "europe-west1-b"
          },
          "sensitive_attributes": [
            [
              {
                "type": "get_attr",
                "value": "boot_disk"
              },
              {
                "type": "index",
                "value": {
                  "value": 0,
                  "type": "number"
                }
              },
              {
                "type": "get_attr",
                "value": "disk_encryption_key_raw"
              }
            ],
            [
              {
                "type": "get_attr",
                "value": "boot_disk"
              },
              {
                "type": "index",
                "value": {
                  "value": 0,
                  "type": "number"
                }
              },
              {
                "type": "get_attr",
                "value": "disk_encryption_key_rsa"
              }
            ]
          ],
          "identity_schema_version": 0,
          "private": "eyJlMmJmYjczMC1lY2FhLTExZTYtOGY4OC0zNDM2M2JjN2M0YzAiOnsiY3JlYXRlIjoxMjAwMDAwMDAwMDAwLCJkZWxldGUiOjEyMDAwMDAwMDAwMDAsInVwZGF0ZSI6MTIwMDAwMDAwMDAwMH0sInNjaGVtYV92ZXJzaW9uIjoiNiJ9",
          "dependencies": [
            "google_compute_network.vpc",
            "google_compute_subnetwork.subnet",
            "tls_private_key.ssh_key"
          ]
        }
      ]
    },
    {
      "mode": "managed",
      "type": "google_compute_instance",
      "name": "master",
      "provider": "provider[\"registry.terraform.io/hashicorp/google\"]",
      "instances": [
        {
          "schema_version": 6,
          "attributes": {
            "advanced_machine_features": [],
            "allow_stopping_for_update": null,
            "attached_disk": [],
            "boot_disk": [
              {
                "auto_delete": true,
                "device_name": "persistent-disk-0",
                "disk_encryption_key_raw": "",
                "disk_encryption_key_rsa": "",
                "disk_encryption_key_sha256": "",
                "disk_encryption_service_account": "",
                "force_attach": false,
                "guest_os_features": [
                  "VIRTIO_SCSI_MULTIQUEUE",
                  "SEV_CAPABLE",
                  "SEV_SNP_CAPABLE",
                  "SEV_LIVE_MIGRATABLE",
                  "SEV_LIVE_MIGRATABLE_V2",
                  "IDPF",
                  "TDX_CAPABLE",
                  "UEFI_COMPATIBLE",
                  "GVNIC"
                ],
                "initialize_params": [
                  {
                    "architecture": "X86_64",
                    "enable_confidential_compute": false,
                    "image": "https://www.googleapis.com/compute/v1/projects/ubuntu-os-cloud/global/images/ubuntu-2204-jammy-v20251218",
                    "labels": {},
                    "provisioned_iops": 0,
                    "provisioned_throughput": 0,
                    "resource_manager_tags": null,
                    "resource_policies": [],
                    "size": 10,
                    "snapshot": "",
                    "source_image_encryption_key": [],
                    "source_snapshot_encryption_key": [],
                    "storage_pool": "",
                    "type": "pd-standard"
                  }
                ],
                "interface": "",
                "kms_key_self_link": "",
                "mode": "READ_WRITE",
                "source": "https://www.googleapis.com/compute/v1/projects/sdtd-2/zones/europe-west1-b/disks/master"
              }
            ],
            "can_ip_forward": false,
            "confidential_instance_config": [],
            "cpu_platform": "Intel Broadwell",
            "creation_timestamp": "2025-12-30T08:48:37.804-08:00",
            "current_status": "RUNNING",
            "deletion_protection": false,
            "description": "",
            "desired_status": null,
            "effective_labels": {
              "goog-terraform-provisioned": "true"
            },
            "enable_display": false,
            "guest_accelerator": [],
            "hostname": "",
            "id": "projects/sdtd-2/zones/europe-west1-b/instances/master",
            "instance_encryption_key": [],
            "instance_id": "75796872961834122",
            "key_revocation_action_type": "",
            "label_fingerprint": "vezUS-42LLM=",
            "labels": null,
            "machine_type": "e2-standard-2",
            "metadata": {
              "ssh-keys": "ubuntu:ssh-rsa AAAAB3NzaC1yc2EAAAADAQABAAACAQDoYktPD1S2P7M9TIRJ34Vne4PtRGicgwMXDLejccxBnyxETYavLD2Aa5xO1X38F3My3XMGr+Gnuo2KM9s5xtBuvhVv4Q/idFCesNfJx776owY4DwX+a/vMO8KjtT1KM7I1/Ybez79FHQXCTw6RGTdbhIw1b0ce4OHN46RkfLTlkUag7vLDO8//HOTFNnQzvqktIC5knqvBNTYat6kz7LQUFW0+lwAZk2h2rL1cS5te7RE66O+ij0Mp8L+SBXMzGdRAD5tq1oJZNxeQltmuo3NUIpFkRDxRtT9AuJf9kJ7VOfO6mIOEqTbqh5dZH4Hhp9aci7yZdIKKZG0alu2+f8OzmSn9SSf19bjhsHM7mxCrOxTFENE9eeGnxZbqRiSHe37sEzdbHh3WkjOurXtzYFtN+llXxxyWGptNWNtHwLHh2lp6aJ3BqloEsf7WX53u5qZzc3H51X2XBkvWhhFX7XADycxlpOyT1DOO996bD4QLP9WMXgY0+0Bk6TtOiA//f37hHR994Xvm/RKi69HVCoOrNmKCIeIbAgViTkvFYMyh7N9x9Pz2Mj38c/95eTWoQ7YmBJ7urvlesZvOcAK902Y6qv5OftS/JB1rnMvZ52kdRtiJQcbXImyye7rMY1MmNnikenGfOwcmXX4LHOEtLlOKRPh27gVJiJ0zk8WHtkioYQ==\n"
            },
            "metadata_fingerprint": "J6rRJYhJVOI=",
            "metadata_startup_script": null,
            "min_cpu_platform": "",
            "name": "master",
            "network_interface": [
              {
                "access_config": [],
                "alias_ip_range": [],
                "internal_ipv6_prefix_length": 0,
                "ipv6_access_config": [],
                "ipv6_access_type": "",
                "ipv6_address": "",
                "name": "nic0",
                "network": "https://www.googleapis.com/compute/v1/projects/sdtd-2/global/networks/k8s-vpc",
                "network_attachment": "",
                "network_ip": "10.240.0.10",
                "nic_type": "",
                "queue_count": 0,
                "stack_type": "IPV4_ONLY",
                "subnetwork": "https://www.googleapis.com/compute/v1/projects/sdtd-2/regions/europe-west1/subnetworks/k8s-subnet",
                "subnetwork_project": "sdtd-2"
              }
            ],
            "network_performance_config": [],
            "params": [],
            "project": "sdtd-2",
            "reservation_affinity": [],
            "resource_policies": null,
            "scheduling": [
              {
                "automatic_restart": true,
                "availability_domain": 0,
                "instance_termination_action": "",
                "local_ssd_recovery_timeout": [],
                "max_run_duration": [],
                "min_node_cpus": 0,
                "node_affinities": [],
                "on_host_maintenance": "MIGRATE",
                "on_instance_stop_action": [],
                "preemptible": false,
                "provisioning_model": "STANDARD",
                "termination_time": ""
              }
            ],
            "scratch_disk": [],
            "self_link": "https://www.googleapis.com/compute/v1/projects/sdtd-2/zones/europe-west1-b/instances/master",
            "service_account": [],
            "shielded_instance_config": [
              {
                "enable_integrity_monitoring": true,
                "enable_secure_boot": false,
                "enable_vtpm": true
              }
            ],
            "tags": [
              "master"
            ],
            "tags_fingerprint": "4y7qQ8dL1yM=",
            "terraform_labels": {
              "goog-terraform-provisioned": "true"
            },
            "timeouts": null,
            "zone": "europe-west1-b"
          },
          "sensitive_attributes": [
            [
              {
                "type": "get_attr",
                "value": "boot_disk"
              },
              {
                "type": "index",
                "value": {
                  "value": 0,
                  "type": "number"
                }
              },
              {
                "type": "get_attr",
                "value": "disk_encryption_key_raw"
              }
            ],
            [
              {
                "type": "get_attr",
                "value": "boot_disk"
              },
              {
                "type": "index",
                "value": {
                  "value": 0,
                  "type": "number"
                }
              },
              {
                "type": "get_attr",
                "value": "disk_encryption_key_rsa"
              }
            ]
          ],
          "identity_schema_version": 0,
          "private": "eyJlMmJmYjczMC1lY2FhLTExZTYtOGY4OC0zNDM2M2JjN2M0YzAiOnsiY3JlYXRlIjoxMjAwMDAwMDAwMDAwLCJkZWxldGUiOjEyMDAwMDAwMDAwMDAsInVwZGF0ZSI6MTIwMDAwMDAwMDAwMH0sInNjaGVtYV92ZXJzaW9uIjoiNiJ9",
          "dependencies": [
            "google_compute_network.vpc",
            "google_compute_subnetwork.subnet",
            "tls_private_key.ssh_key"
          ]
        }
      ]
    },
    {
      "mode": "managed",
      "type": "google_compute_instance",
      "name": "worker",
      "provider": "provider[\"registry.terraform.io/hashicorp/google\"]",
      "instances": [
        {
          "index_key": 0,
          "schema_version": 6,
          "attributes": {
            "advanced_machine_features": [],
            "allow_stopping_for_update": null,
            "attached_disk": [],
            "boot_disk": [
              {
                "auto_delete": true,
                "device_name": "persistent-disk-0",
                "disk_encryption_key_raw": "",
                "disk_encryption_key_rsa": "",
                "disk_encryption_key_sha256": "",
                "disk_encryption_service_account": "",
                "force_attach": false,
                "guest_os_features": [
                  "VIRTIO_SCSI_MULTIQUEUE",
                  "SEV_CAPABLE",
                  "SEV_SNP_CAPABLE",
                  "SEV_LIVE_MIGRATABLE",
                  "SEV_LIVE_MIGRATABLE_V2",
                  "IDPF",
                  "TDX_CAPABLE",
                  "UEFI_COMPATIBLE",
                  "GVNIC"
                ],
                "initialize_params": [
                  {
                    "architecture": "X86_64",
                    "enable_confidential_compute": false,
                    "image": "https://www.googleapis.com/compute/v1/projects/ubuntu-os-cloud/global/images/ubuntu-2204-jammy-v20251218",
                    "labels": {},
                    "provisioned_iops": 0,
                    "provisioned_throughput": 0,
                    "resource_manager_tags": null,
                    "resource_policies": [],
                    "size": 50,
                    "snapshot": "",
                    "source_image_encryption_key": [],
                    "source_snapshot_encryption_key": [],
                    "storage_pool": "",
                    "type": "pd-standard"
                  }
                ],
                "interface": "",
                "kms_key_self_link": "",
                "mode": "READ_WRITE",
                "source": "https://www.googleapis.com/compute/v1/projects/sdtd-2/zones/europe-west1-b/disks/node-0"
              }
            ],
            "can_ip_forward": false,
            "confidential_instance_config": [],
            "cpu_platform": "Intel Broadwell",
            "creation_timestamp": "2025-12-30T08:48:37.904-08:00",
            "current_status": "RUNNING",
            "deletion_protection": false,
            "description": "",
            "desired_status": null,
            "effective_labels": {
              "goog-terraform-provisioned": "true"
            },
            "enable_display": false,
            "guest_accelerator": [],
            "hostname": "",
            "id": "projects/sdtd-2/zones/europe-west1-b/instances/node-0",
            "instance_encryption_key": [],
            "instance_id": "7425654731637898378",
            "key_revocation_action_type": "",
            "label_fingerprint": "vezUS-42LLM=",
            "labels": null,
            "machine_type": "e2-standard-2",
            "metadata": {
              "ssh-keys": "ubuntu:ssh-rsa AAAAB3NzaC1yc2EAAAADAQABAAACAQDoYktPD1S2P7M9TIRJ34Vne4PtRGicgwMXDLejccxBnyxETYavLD2Aa5xO1X38F3My3XMGr+Gnuo2KM9s5xtBuvhVv4Q/idFCesNfJx776owY4DwX+a/vMO8KjtT1KM7I1/Ybez79FHQXCTw6RGTdbhIw1b0ce4OHN46RkfLTlkUag7vLDO8//HOTFNnQzvqktIC5knqvBNTYat6kz7LQUFW0+lwAZk2h2rL1cS5te7RE66O+ij0Mp8L+SBXMzGdRAD5tq1oJZNxeQltmuo3NUIpFkRDxRtT9AuJf9kJ7VOfO6mIOEqTbqh5dZH4Hhp9aci7yZdIKKZG0alu2+f8OzmSn9SSf19bjhsHM7mxCrOxTFENE9eeGnxZbqRiSHe37sEzdbHh3WkjOurXtzYFtN+llXxxyWGptNWNtHwLHh2lp6aJ3BqloEsf7WX53u5qZzc3H51X2XBkvWhhFX7XADycxlpOyT1DOO996bD4QLP9WMXgY0+0Bk6TtOiA//f37hHR994Xvm/RKi69HVCoOrNmKCIeIbAgViTkvFYMyh7N9x9Pz2Mj38c/95eTWoQ7YmBJ7urvlesZvOcAK902Y6qv5OftS/JB1rnMvZ52kdRtiJQcbXImyye7rMY1MmNnikenGfOwcmXX4LHOEtLlOKRPh27gVJiJ0zk8WHtkioYQ==\n"
            },
            "metadata_fingerprint": "J6rRJYhJVOI=",
            "metadata_startup_script": null,
            "min_cpu_platform": "",
            "name": "node-0",
            "network_interface": [
              {
                "access_config": [],
                "alias_ip_range": [],
                "internal_ipv6_prefix_length": 0,
                "ipv6_access_config": [],
                "ipv6_access_type": "",
                "ipv6_address": "",
                "name": "nic0",
                "network": "https://www.googleapis.com/compute/v1/projects/sdtd-2/global/networks/k8s-vpc",
                "network_attachment": "",
                "network_ip": "10.240.0.5",
                "nic_type": "",
                "queue_count": 0,
                "stack_type": "IPV4_ONLY",
                "subnetwork": "https://www.googleapis.com/compute/v1/projects/sdtd-2/regions/europe-west1/subnetworks/k8s-subnet",
                "subnetwork_project": "sdtd-2"
              }
            ],
            "network_performance_config": [],
            "params": [],
            "project": "sdtd-2",
            "reservation_affinity": [],
            "resource_policies": null,
            "scheduling": [
              {
                "automatic_restart": true,
                "availability_domain": 0,
                "instance_termination_action": "",
                "local_ssd_recovery_timeout": [],
                "max_run_duration": [],
                "min_node_cpus": 0,
                "node_affinities": [],
                "on_host_maintenance": "MIGRATE",
                "on_instance_stop_action": [],
                "preemptible": false,
                "provisioning_model": "STANDARD",
                "termination_time": ""
              }
            ],
            "scratch_disk": [],
            "self_link": "https://www.googleapis.com/compute/v1/projects/sdtd-2/zones/europe-west1-b/instances/node-0",
            "service_account": [],
            "shielded_instance_config": [
              {
                "enable_integrity_monitoring": true,
                "enable_secure_boot": false,
                "enable_vtpm": true
              }
            ],
            "tags": [
              "worker"
            ],
            "tags_fingerprint": "uvqiNQvnefU=",
            "terraform_labels": {
              "goog-terraform-provisioned": "true"
            },
            "timeouts": null,
            "zone": "europe-west1-b"
          },
          "sensitive_attributes": [
            [
              {
                "type": "get_attr",
                "value": "boot_disk"
              },
              {
                "type": "index",
                "value": {
                  "value": 0,
                  "type": "number"
                }
              },
              {
                "type": "get_attr",
                "value": "disk_encryption_key_raw"
              }
            ],
            [
              {
                "type": "get_attr",
                "value": "boot_disk"
              },
              {
                "type": "index",
                "value": {
                  "value": 0,
                  "type": "number"
                }
              },
              {
                "type": "get_attr",
                "value": "disk_encryption_key_rsa"
              }
            ]
          ],
          "identity_schema_version": 0,
          "private": "eyJlMmJmYjczMC1lY2FhLTExZTYtOGY4OC0zNDM2M2JjN2M0YzAiOnsiY3JlYXRlIjoxMjAwMDAwMDAwMDAwLCJkZWxldGUiOjEyMDAwMDAwMDAwMDAsInVwZGF0ZSI6MTIwMDAwMDAwMDAwMH0sInNjaGVtYV92ZXJzaW9uIjoiNiJ9",
          "dependencies": [
            "google_compute_network.vpc",
            "google_compute_subnetwork.subnet",
            "tls_private_key.ssh_key"
          ]
        },
        {
          "index_key": 1,
          "schema_version": 6,
          "attributes": {
            "advanced_machine_features": [],
            "allow_stopping_for_update": null,
            "attached_disk": [],
            "boot_disk": [
              {
                "auto_delete": true,
                "device_name": "persistent-disk-0",
                "disk_encryption_key_raw": "",
                "disk_encryption_key_rsa": "",
                "disk_encryption_key_sha256": "",
                "disk_encryption_service_account": "",
                "force_attach": false,
                "guest_os_features": [
                  "VIRTIO_SCSI_MULTIQUEUE",
                  "SEV_CAPABLE",
                  "SEV_SNP_CAPABLE",
                  "SEV_LIVE_MIGRATABLE",
                  "SEV_LIVE_MIGRATABLE_V2",
                  "IDPF",
                  "TDX_CAPABLE",
                  "UEFI_COMPATIBLE",
                  "GVNIC"
                ],
                "initialize_params": [
                  {
                    "architecture": "X86_64",
                    "enable_confidential_compute": false,
                    "image": "https://www.googleapis.com/compute/v1/projects/ubuntu-os-cloud/global/images/ubuntu-2204-jammy-v20251218",
                    "labels": {},
                    "provisioned_iops": 0,
                    "provisioned_throughput": 0,
                    "resource_manager_tags": null,
                    "resource_policies": [],
                    "size": 50,
                    "snapshot": "",
                    "source_image_encryption_key": [],
                    "source_snapshot_encryption_key": [],
                    "storage_pool": "",
                    "type": "pd-standard"
                  }
                ],
                "interface": "",
                "kms_key_self_link": "",
                "mode": "READ_WRITE",
                "source": "https://www.googleapis.com/compute/v1/projects/sdtd-2/zones/europe-west1-b/disks/node-1"
              }
            ],
            "can_ip_forward": false,
            "confidential_instance_config": [],
            "cpu_platform": "Intel Broadwell",
            "creation_timestamp": "2025-12-30T08:48:37.644-08:00",
            "current_status": "RUNNING",
            "deletion_protection": false,
            "description": "",
            "desired_status": null,
            "effective_labels": {
              "goog-terraform-provisioned": "true"
            },
            "enable_display": false,
            "guest_accelerator": [],
            "hostname": "",
            "id": "projects/sdtd-2/zones/europe-west1-b/instances/node-1",
            "instance_encryption_key": [],
            "instance_id": "1481585642272570506",
            "key_revocation_action_type": "",
            "label_fingerprint": "vezUS-42LLM=",
            "labels": null,
            "machine_type": "e2-standard-2",
            "metadata": {
              "ssh-keys": "ubuntu:ssh-rsa AAAAB3NzaC1yc2EAAAADAQABAAACAQDoYktPD1S2P7M9TIRJ34Vne4PtRGicgwMXDLejccxBnyxETYavLD2Aa5xO1X38F3My3XMGr+Gnuo2KM9s5xtBuvhVv4Q/idFCesNfJx776owY4DwX+a/vMO8KjtT1KM7I1/Ybez79FHQXCTw6RGTdbhIw1b0ce4OHN46RkfLTlkUag7vLDO8//HOTFNnQzvqktIC5knqvBNTYat6kz7LQUFW0+lwAZk2h2rL1cS5te7RE66O+ij0Mp8L+SBXMzGdRAD5tq1oJZNxeQltmuo3NUIpFkRDxRtT9AuJf9kJ7VOfO6mIOEqTbqh5dZH4Hhp9aci7yZdIKKZG0alu2+f8OzmSn9SSf19bjhsHM7mxCrOxTFENE9eeGnxZbqRiSHe37sEzdbHh3WkjOurXtzYFtN+llXxxyWGptNWNtHwLHh2lp6aJ3BqloEsf7WX53u5qZzc3H51X2XBkvWhhFX7XADycxlpOyT1DOO996bD4QLP9WMXgY0+0Bk6TtOiA//f37hHR994Xvm/RKi69HVCoOrNmKCIeIbAgViTkvFYMyh7N9x9Pz2Mj38c/95eTWoQ7YmBJ7urvlesZvOcAK902Y6qv5OftS/JB1rnMvZ52kdRtiJQcbXImyye7rMY1MmNnikenGfOwcmXX4LHOEtLlOKRPh27gVJiJ0zk8WHtkioYQ==\n"
            },
            "metadata_fingerprint": "J6rRJYhJVOI=",
            "metadata_startup_script": null,
            "min_cpu_platform": "",
            "name": "node-1",
            "network_interface": [
              {
                "access_config": [],
                "alias_ip_range": [],
                "internal_ipv6_prefix_length": 0,
                "ipv6_access_config": [],
                "ipv6_access_type": "",
                "ipv6_address": "",
                "name": "nic0",
                "network": "https://www.googleapis.com/compute/v1/projects/sdtd-2/global/networks/k8s-vpc",
                "network_attachment": "",
                "network_ip": "10.240.0.3",
                "nic_type": "",
                "queue_count": 0,
                "stack_type": "IPV4_ONLY",
                "subnetwork": "https://www.googleapis.com/compute/v1/projects/sdtd-2/regions/europe-west1/subnetworks/k8s-subnet",
                "subnetwork_project": "sdtd-2"
              }
            ],
            "network_performance_config": [],
            "params": [],
            "project": "sdtd-2",
            "reservation_affinity": [],
            "resource_policies": null,
            "scheduling": [
              {
                "automatic_restart": true,
                "availability_domain": 0,
                "instance_termination_action": "",
                "local_ssd_recovery_timeout": [],
                "max_run_duration": [],
                "min_node_cpus": 0,
                "node_affinities": [],
                "on_host_maintenance": "MIGRATE",
                "on_instance_stop_action": [],
                "preemptible": false,
                "provisioning_model": "STANDARD",
                "termination_time": ""
              }
            ],
            "scratch_disk": [],
            "self_link": "https://www.googleapis.com/compute/v1/projects/sdtd-2/zones/europe-west1-b/instances/node-1",
            "service_account": [],
            "shielded_instance_config": [
              {
                "enable_integrity_monitoring": true,
                "enable_secure_boot": false,
                "enable_vtpm": true
              }
            ],
            "tags": [
              "worker"
            ],
            "tags_fingerprint": "uvqiNQvnefU=",
            "terraform_labels": {
              "goog-terraform-provisioned": "true"
            },
            "timeouts": null,
            "zone": "europe-west1-b"
          },
          "sensitive_attributes": [
            [
              {
                "type": "get_attr",
                "value": "boot_disk"
              },
              {
                "type": "index",
                "value": {
                  "value": 0,
                  "type": "number"
                }
              },
              {
                "type": "get_attr",
                "value": "disk_encryption_key_raw"
              }
            ],
            [
              {
                "type": "get_attr",
                "value": "boot_disk"
              },
              {
                "type": "index",
                "value": {
                  "value": 0,
                  "type": "number"
                }
              },
              {
                "type": "get_attr",
                "value": "disk_encryption_key_rsa"
              }
            ]
          ],
          "identity_schema_version": 0,
          "private": "eyJlMmJmYjczMC1lY2FhLTExZTYtOGY4OC0zNDM2M2JjN2M0YzAiOnsiY3JlYXRlIjoxMjAwMDAwMDAwMDAwLCJkZWxldGUiOjEyMDAwMDAwMDAwMDAsInVwZGF0ZSI6MTIwMDAwMDAwMDAwMH0sInNjaGVtYV92ZXJzaW9uIjoiNiJ9",
          "dependencies": [
            "google_compute_network.vpc",
            "google_compute_subnetwork.subnet",
            "tls_private_key.ssh_key"
          ]
        },
        {
          "index_key": 2,
          "schema_version": 6,
          "attributes": {
            "advanced_machine_features": [],
            "allow_stopping_for_update": null,
            "attached_disk": [],
            "boot_disk": [
              {
                "auto_delete": true,
                "device_name": "persistent-disk-0",
                "disk_encryption_key_raw": "",
                "disk_encryption_key_rsa": "",
                "disk_encryption_key_sha256": "",
                "disk_encryption_service_account": "",
                "force_attach": false,
                "guest_os_features": [
                  "VIRTIO_SCSI_MULTIQUEUE",
                  "SEV_CAPABLE",
                  "SEV_SNP_CAPABLE",
                  "SEV_LIVE_MIGRATABLE",
                  "SEV_LIVE_MIGRATABLE_V2",
                  "IDPF",
                  "TDX_CAPABLE",
                  "UEFI_COMPATIBLE",
                  "GVNIC"
                ],
                "initialize_params": [
                  {
                    "architecture": "X86_64",
                    "enable_confidential_compute": false,
                    "image": "https://www.googleapis.com/compute/v1/projects/ubuntu-os-cloud/global/images/ubuntu-2204-jammy-v20251218",
                    "labels": {},
                    "provisioned_iops": 0,
                    "provisioned_throughput": 0,
                    "resource_manager_tags": null,
                    "resource_policies": [],
                    "size": 50,
                    "snapshot": "",
                    "source_image_encryption_key": [],
                    "source_snapshot_encryption_key": [],
                    "storage_pool": "",
                    "type": "pd-standard"
                  }
                ],
                "interface": "",
                "kms_key_self_link": "",
                "mode": "READ_WRITE",
                "source": "https://www.googleapis.com/compute/v1/projects/sdtd-2/zones/europe-west1-b/disks/node-2"
              }
            ],
            "can_ip_forward": false,
            "confidential_instance_config": [],
            "cpu_platform": "Intel Broadwell",
            "creation_timestamp": "2025-12-30T08:48:37.610-08:00",
            "current_status": "RUNNING",
            "deletion_protection": false,
            "description": "",
            "desired_status": null,
            "effective_labels": {
              "goog-terraform-provisioned": "true"
            },
            "enable_display": false,
            "guest_accelerator": [],
            "hostname": "",
            "id": "projects/sdtd-2/zones/europe-west1-b/instances/node-2",
            "instance_encryption_key": [],
            "instance_id": "3839050988698320010",
            "key_revocation_action_type": "",
            "label_fingerprint": "vezUS-42LLM=",
            "labels": null,
            "machine_type": "e2-standard-2",
            "metadata": {
              "ssh-keys": "ubuntu:ssh-rsa AAAAB3NzaC1yc2EAAAADAQABAAACAQDoYktPD1S2P7M9TIRJ34Vne4PtRGicgwMXDLejccxBnyxETYavLD2Aa5xO1X38F3My3XMGr+Gnuo2KM9s5xtBuvhVv4Q/idFCesNfJx776owY4DwX+a/vMO8KjtT1KM7I1/Ybez79FHQXCTw6RGTdbhIw1b0ce4OHN46RkfLTlkUag7vLDO8//HOTFNnQzvqktIC5knqvBNTYat6kz7LQUFW0+lwAZk2h2rL1cS5te7RE66O+ij0Mp8L+SBXMzGdRAD5tq1oJZNxeQltmuo3NUIpFkRDxRtT9AuJf9kJ7VOfO6mIOEqTbqh5dZH4Hhp9aci7yZdIKKZG0alu2+f8OzmSn9SSf19bjhsHM7mxCrOxTFENE9eeGnxZbqRiSHe37sEzdbHh3WkjOurXtzYFtN+llXxxyWGptNWNtHwLHh2lp6aJ3BqloEsf7WX53u5qZzc3H51X2XBkvWhhFX7XADycxlpOyT1DOO996bD4QLP9WMXgY0+0Bk6TtOiA//f37hHR994Xvm/RKi69HVCoOrNmKCIeIbAgViTkvFYMyh7N9x9Pz2Mj38c/95eTWoQ7YmBJ7urvlesZvOcAK902Y6qv5OftS/JB1rnMvZ52kdRtiJQcbXImyye7rMY1MmNnikenGfOwcmXX4LHOEtLlOKRPh27gVJiJ0zk8WHtkioYQ==\n"
            },
            "metadata_fingerprint": "J6rRJYhJVOI=",
            "metadata_startup_script": null,
            "min_cpu_platform": "",
            "name": "node-2",
            "network_interface": [
              {
                "access_config": [],
                "alias_ip_range": [],
                "internal_ipv6_prefix_length": 0,
                "ipv6_access_config": [],
                "ipv6_access_type": "",
                "ipv6_address": "",
                "name": "nic0",
                "network": "https://www.googleapis.com/compute/v1/projects/sdtd-2/global/networks/k8s-vpc",
                "network_attachment": "",
                "network_ip": "10.240.0.4",
                "nic_type": "",
                "queue_count": 0,
                "stack_type": "IPV4_ONLY",
                "subnetwork": "https://www.googleapis.com/compute/v1/projects/sdtd-2/regions/europe-west1/subnetworks/k8s-subnet",
                "subnetwork_project": "sdtd-2"
              }
            ],
            "network_performance_config": [],
            "params": [],
            "project": "sdtd-2",
            "reservation_affinity": [],
            "resource_policies": null,
            "scheduling": [
              {
                "automatic_restart": true,
                "availability_domain": 0,
                "instance_termination_action": "",
                "local_ssd_recovery_timeout": [],
                "max_run_duration": [],
                "min_node_cpus": 0,
                "node_affinities": [],
                "on_host_maintenance": "MIGRATE",
                "on_instance_stop_action": [],
                "preemptible": false,
                "provisioning_model": "STANDARD",
                "termination_time": ""
              }
            ],
            "scratch_disk": [],
            "self_link": "https://www.googleapis.com/compute/v1/projects/sdtd-2/zones/europe-west1-b/instances/node-2",
            "service_account": [],
            "shielded_instance_config": [
              {
                "enable_integrity_monitoring": true,
                "enable_secure_boot": false,
                "enable_vtpm": true
              }
            ],
            "tags": [
              "worker"
            ],
            "tags_fingerprint": "uvqiNQvnefU=",
            "terraform_labels": {
              "goog-terraform-provisioned": "true"
            },
            "timeouts": null,
            "zone": "europe-west1-b"
          },
          "sensitive_attributes": [
            [
              {
                "type": "get_attr",
                "value": "boot_disk"
              },
              {
                "type": "index",
                "value": {
                  "value": 0,
                  "type": "number"
                }
              },
              {
                "type": "get_attr",
                "value": "disk_encryption_key_raw"
              }
            ],
            [
              {
                "type": "get_attr",
                "value": "boot_disk"
              },
              {
                "type": "index",
                "value": {
                  "value": 0,
                  "type": "number"
                }
              },
              {
                "type": "get_attr",
                "value": "disk_encryption_key_rsa"
              }
            ]
          ],
          "identity_schema_version": 0,
          "private": "eyJlMmJmYjczMC1lY2FhLTExZTYtOGY4OC0zNDM2M2JjN2M0YzAiOnsiY3JlYXRlIjoxMjAwMDAwMDAwMDAwLCJkZWxldGUiOjEyMDAwMDAwMDAwMDAsInVwZGF0ZSI6MTIwMDAwMDAwMDAwMH0sInNjaGVtYV92ZXJzaW9uIjoiNiJ9",
          "dependencies": [
            "google_compute_network.vpc",
            "google_compute_subnetwork.subnet",
            "tls_private_key.ssh_key"
          ]
        }
      ]
    },
    {
      "mode": "managed",
      "type": "google_compute_network",
      "name": "vpc",
      "provider": "provider[\"registry.terraform.io/hashicorp/google\"]",
      "instances": [
        {
          "schema_version": 0,
          "attributes": {
            "auto_create_subnetworks": false,
            "bgp_always_compare_med": false,
            "bgp_best_path_selection_mode": "LEGACY",
            "bgp_inter_region_cost": "",
            "delete_bgp_always_compare_med": false,
            "delete_default_routes_on_create": false,
            "description": "",
            "enable_ula_internal_ipv6": false,
            "gateway_ipv4": "",
            "id": "projects/sdtd-2/global/networks/k8s-vpc",
            "internal_ipv6_range": "",
            "mtu": 0,
            "name": "k8s-vpc",
            "network_firewall_policy_enforcement_order": "AFTER_CLASSIC_FIREWALL",
            "network_id": "996498463765675223",
            "network_profile": "",
            "numeric_id": "996498463765675223",
            "params": [],
            "project": "sdtd-2",
            "routing_mode": "REGIONAL",
            "self_link": "https://www.googleapis.com/compute/v1/projects/sdtd-2/global/networks/k8s-vpc",
            "timeouts": null
          },
          "sensitive_attributes": [],
          "identity_schema_version": 0,
          "private": "eyJlMmJmYjczMC1lY2FhLTExZTYtOGY4OC0zNDM2M2JjN2M0YzAiOnsiY3JlYXRlIjoxMjAwMDAwMDAwMDAwLCJkZWxldGUiOjEyMDAwMDAwMDAwMDAsInVwZGF0ZSI6MTIwMDAwMDAwMDAwMH19"
        }
      ]
    },
    {
      "mode": "managed",
      "type": "google_compute_router",
      "name": "router",
      "provider": "provider[\"registry.terraform.io/hashicorp/google\"]",
      "instances": [
        {
          "schema_version": 0,
          "attributes": {
            "bgp": [],
            "creation_timestamp": "2025-12-30T08:48:15.401-08:00",
            "description": "",
            "encrypted_interconnect_router": false,
            "id": "projects/sdtd-2/regions/europe-west1/routers/k8s-router",
            "md5_authentication_keys": [],
            "name": "k8s-router",
            "network": "https://www.googleapis.com/compute/v1/projects/sdtd-2/global/networks/k8s-vpc",
            "params": [],
            "project": "sdtd-2",
            "region": "europe-west1",
            "self_link": "https://www.googleapis.com/compute/v1/projects/sdtd-2/regions/europe-west1/routers/k8s-router",
            "timeouts": null
          },
          "sensitive_attributes": [],
          "identity_schema_version": 0,
          "private": "eyJlMmJmYjczMC1lY2FhLTExZTYtOGY4OC0zNDM2M2JjN2M0YzAiOnsiY3JlYXRlIjoxMjAwMDAwMDAwMDAwLCJkZWxldGUiOjEyMDAwMDAwMDAwMDAsInVwZGF0ZSI6MTIwMDAwMDAwMDAwMH19",
          "dependencies": [
            "google_compute_network.vpc"
          ]
        }
      ]
    },
    {
      "mode": "managed",
      "type": "google_compute_router_nat",
      "name": "nat",
      "provider": "provider[\"registry.terraform.io/hashicorp/google\"]",
      "instances": [
        {
          "schema_version": 0,
          "attributes": {
            "auto_network_tier": null,
            "drain_nat_ips": [],
            "enable_dynamic_port_allocation": false,
            "enable_endpoint_independent_mapping": false,
            "endpoint_types": [
              "ENDPOINT_TYPE_VM"
            ],
            "icmp_idle_timeout_sec": 30,
            "id": "sdtd-2/europe-west1/k8s-router/k8s-nat",
            "initial_nat_ips": null,
            "log_config": [],
            "max_ports_per_vm": 0,
            "min_ports_per_vm": 0,
            "name": "k8s-nat",
            "nat64_subnetwork": [],
            "nat_ip_allocate_option": "AUTO_ONLY",
            "nat_ips": [],
            "project": "sdtd-2",
            "region": "europe-west1",
            "router": "k8s-router",
            "rules": [],
            "source_subnetwork_ip_ranges_to_nat": "ALL_SUBNETWORKS_ALL_IP_RANGES",
            "source_subnetwork_ip_ranges_to_nat64": "",
            "subnetwork": [],
            "tcp_established_idle_timeout_sec": 1200,
            "tcp_time_wait_timeout_sec": 120,
            "tcp_transitory_idle_timeout_sec": 30,
            "timeouts": null,
            "type": "PUBLIC",
            "udp_idle_timeout_sec": 30
          },
          "sensitive_attributes": [],
          "identity_schema_version": 0,
          "private": "eyJlMmJmYjczMC1lY2FhLTExZTYtOGY4OC0zNDM2M2JjN2M0YzAiOnsiY3JlYXRlIjoxMjAwMDAwMDAwMDAwLCJkZWxldGUiOjEyMDAwMDAwMDAwMDAsInVwZGF0ZSI6MTIwMDAwMDAwMDAwMH19",
          "dependencies": [
            "google_compute_network.vpc",
            "google_compute_router.router"
          ]
        }
      ]
    },
    {
      "mode": "managed",
      "type": "google_compute_subnetwork",
      "name": "subnet",
      "provider": "provider[\"registry.terraform.io/hashicorp/google\"]",
      "instances": [
        {
          "schema_version": 0,
          "attributes": {
            "creation_timestamp": "2025-12-30T08:48:15.531-08:00",
            "description": "",
            "external_ipv6_prefix": "",
            "fingerprint": null,
            "gateway_address": "10.240.0.1",
            "id": "projects/sdtd-2/regions/europe-west1/subnetworks/k8s-subnet",
            "internal_ipv6_prefix": "",
            "ip_cidr_range": "10.240.0.0/24",
            "ip_collection": null,
            "ipv6_access_type": "",
            "ipv6_cidr_range": "",
            "ipv6_gce_endpoint": "",
            "log_config": [],
            "name": "k8s-subnet",
            "network": "https://www.googleapis.com/compute/v1/projects/sdtd-2/global/networks/k8s-vpc",
            "params": [],
            "private_ip_google_access": false,
            "private_ipv6_google_access": "DISABLE_GOOGLE_ACCESS",
            "project": "sdtd-2",
            "purpose": "PRIVATE",
            "region": "europe-west1",
            "reserved_internal_range": "",
            "role": "",
            "secondary_ip_range": [],
            "self_link": "https://www.googleapis.com/compute/v1/projects/sdtd-2/regions/europe-west1/subnetworks/k8s-subnet",
            "send_secondary_ip_range_if_empty": null,
            "stack_type": "IPV4_ONLY",
            "state": "",
            "subnetwork_id": 6774731152071179424,
            "timeouts": null
          },
          "sensitive_attributes": [],
          "identity_schema_version": 0,
          "private": "eyJlMmJmYjczMC1lY2FhLTExZTYtOGY4OC0zNDM2M2JjN2M0YzAiOnsiY3JlYXRlIjoxMjAwMDAwMDAwMDAwLCJkZWxldGUiOjEyMDAwMDAwMDAwMDAsInVwZGF0ZSI6MTIwMDAwMDAwMDAwMH19",
          "dependencies": [
            "google_compute_network.vpc"
          ]
        }
      ]
    },
    {
      "mode": "managed",
      "type": "local_sensitive_file",
      "name": "private_key",
      "provider": "provider[\"registry.terraform.io/hashicorp/local\"]",
      "instances": [
        {
          "schema_version": 0,
          "attributes": {
            "content": "-----BEGIN RSA PRIVATE KEY-----\nMIIJKQIBAAKCAgEA6GJLTw9Utj+zPUyESd+FZ3uD7URonIMDFwy3o3HMQZ8sRE2G\nryw9gGucTtV9/BdzMt1zBq/hp7qNijPbOcbQbr4Vb+EP4nRQnrDXyce++qMGOA8F\n/mv7zDvCo7U9SjOyNf2G3s+/RR0Fwk8OkRk3W4SMNW9HHuDhzeOkZHy05ZFGoO7y\nwzvP/xzkxTZ0M76pLSAuZJ6rwTU2GrepM+y0FBVtPpcAGZNodqy9XEubXu0ROujv\noo9DKfC/kgVzMxnUQA+bataCWTcXkJbZrqNzVCKRZEQ8UbU/QLiX/ZCe1TnzupiD\nhKk26oeXWR+B4afWnIu8mXSCimRtGpbtvn/Ds5kp/Ukn9fW44bBzO5sQqzsUxRDR\nPXnhp8WW6kYkh3t+7BM3Wx4d1pIzrq17c2BbTfpZV8cclhqbTVjbR8Cx4dpaemid\nwapaBLH+1l+d7uamc3Nx+dV9lwZL1oYRV+1wA8nMZaTsk9Qzjvfemw+ECz/VjF4G\nNPtAZOk7TogP/39+4R0ffeF75v0SouvR1QqDqzZigiHiGwIFYk5LxWDMoezfcfT8\n9jI9/HP/eXk1qEO2JgSe7q75XrGbznACvdNmOqr+Tn7UvyQda5zL2edpHUbYiUHG\n1yJssnu6zGNTJjZ4pHpxnzsHJl1+CxzhLS5TikT4du4FSYidM5PFh7ZIqGECAwEA\nAQKCAgBL37wjBihskQPe4drXm+mczhFXKNzXLVeW8QoMjZ1ZV7VGX+G31EQIaBpT\nCxXld2qfkvp5lnehIiIQm7nadXWckufA7cUX9U5VYfwy38sVXqErMIyOc4d1OZXl\nicmHLrXjNvIQUdhronw84z8oVQlkEjUNRVX9WQOhC9CjFqyhv/tFlH8jC6Zv72kq\nkwsB0iC+oSFErSH7JXqS4qCWWZS6cfyHURoxP5X+GYyCVBVYuyLDD0ce1pPhX7/M\n14azip1ohTADhCJvKrPA+9/7S1beg6LhD/551ynd4eeOXOffStqvdBiM+gr6LGdY\nLBdmLDzAREfB+u6cbQnKgrkBWAn3PJOYj289mdB7xKq7dZdVlvl4NryXYgHblOoc\n6fWF7dtNolpJCwTcpqA/2/q702lN6IkQ5Tijdfr7+emmQ37acJ7i6473U0pTYCHp\nlN4uzXBcKixXujR5Q21wOcSHxrhV+tooqT4BClk/TcKimHs5W8UH90r/tj8+VrB4\ne4U6GLQ0CZQbYUe8aE8JlW1jf39Vs6RJ0bgNdoI9HxhYhDsuMfEX4Ali9JXMJISk\n5TKPzi+Y2NoRIs2uDirGRdxYef1dG2Powrcw/rrIiERDjlF+zqPykPDSTEEBb+V1\nEL6cI1Yc7W2CmikOPtisDs0THbPQGR8hsRBsu8vY+ldmseUe2QKCAQEA+4RQiett\nCXPv2LVdYIvoqpS6iuu03WgSw9hmGCdpAtV9Uuh7RAiFD4x+qcAu3g1rgYL4Ryv1\nquZoboM/IO7p29nfOGZEB1uSZxicdMKEeojH+FWwEZb9B926mvsyJrTkigOloWj7\nypvxMHojNUGaPeajRQGBF6lmijcTAOI/FO5h/V9awd1aVy+tI0T2MkNGbWlI03Ib\n8ocMUw/C5WjbKIBr5usnEJnTNUsSaaQZhQrbxsOnBBybHL/AQ3kKxNHnr96IplEg\nsjYRQgU2Dm7kngd5g4c4f9WNiDFQNoGl7vQfayq6gVpXN4W2Gk0eGK2AKP02dvGq\nhmojpm/2XgeKnwKCAQEA7Ias1JUHudRGdd9RMjrt/TbCz1glENfimCfrPAFIo5Kv\nBkXiikMq2YXf7TVrb/A3fP020dNIkTlC8IuqxE81WbjRPDSuQRY/DvIS4eMZshDf\nlqs7ZvbOii6cFVVYcJEY2Ke2SEwsq7KJ9HLYJbR7TvN73W1r1BjprLkodTyRO2x6\nE/PbX1MoXhAczbT8XFI6r1jqj54RBflT1fxX5Wp+tUHuFw0bghuZLIKqFWOzWEpl\nM9gMxYH/L8ewFWSDGi+l7bBK/qGUX1ayQGX5pP6QCnrDvSe5qQkE1HHPLVMhKxa8\nxLCUqvzXeeup4xmloH0T+uxDdCf2PtlAzwN78CXs/wKCAQEAyZNlqOOR472TQC86\nwyHeOrgwOR5nOfsq7uMED9+l/at0YXoJMKFTYv7KlOl9pmFDA+0fZosIvQskL03o\nzlAsBRM8H0t2wh7V2uKSodEzs7Dj81dZYP+NkzxVTdh8fSEE+Merew1UnzETwDJi\n/U+yemHaAHgQKhKOJ7+z70VkITZcOmCtsCnjOXTwYg/m8KmSTCXRRAVz+I/bhMZh\nANNksbUaxVs5V8iwyUl9XEU0XrgxI7+yn0z907CqOmlMBCnmccD766+hcLJ8alka\n1b5yY2TCMnOxCGLyp3A+RTDq9/OXKqB4ESuCMvFq3PFpaYXD7RXjDLjqXge6wq2A\n2iNZKQKCAQAeQENOlRj93XZ9kOhTolHZ9u0Hk+B5vQLQLxrY+9kMgrA7/ygwQtLy\nKzsunYx2LqUKKWCfiYRYfphfJ53Zqb/LD+ZC6wH2dR/vi2p61Y7txVazcIcSbjKQ\nXdG8sMO08fnZi+m2aXe1Jgqa5y1Z9TFoMZ///AS0hdMtMilIhUyV6xPaBXBjSsF4\n9lqYvLMiI6o5zweBAthuiSr9zV54ixxVlm8bJ6QDCgCXPsb+IVhIzIsRDGrlv/Ch\nbcrJkadq6/ku40NUOdo+L1pw/hnlzmEh1f2+7ZvDUNH7UesLgvxVBH10MplxHRF6\nGHgMAbW7RwQNLbaa3pmSBDtTvsBVQKSFAoIBAQCb+ew1HaPMEncaLTm+JDOAYDca\nTJpQ4e7PYBnwjGf+2R/7wqSudy85clZwIhUt08Ba+ni3GTtgyQLfFm4Qphkt77VN\nspdh3/sCPOQQJXJYoD4YhUKHiT1aeOR4I0HHt4kLxcP8pdBiaFymB8o8lg+XSqQx\nug9VSG/R6NLu7e1jn6wBN3IaUtzN2XH8dfAQpAsmI8Sihxx+XCGJWg0O1d8Wpx56\nkVX6mLpYMnVqe4ZqXnwdVIVQl5ye1gLgeVyBtz/Ium/nlBo+Alk+gDxd2E8KUWA7\n4hUovjZpU8lohDlPJiCIjM+wbnQdW8m1fRJOPNr9URtEbjkHl4ROPKbFWiG1\n-----END RSA PRIVATE KEY-----\n",
            "content_base64": null,
            "content_base64sha256": "35qNlAz3wPG0Z6ZzuXfUOFsvEpzvN0JSqniz42Jhjjw=",
            "content_base64sha512": "z2sQDvhy87f0JEeIOdcaQo+9tURwuG8TYAti3TXokRn07Qd8tk/adhW3jOP+29QFoKdRBxpgXHrFB0Osx+FjYw==",
            "content_md5": "aa8517a57fa5aef9508fd408577ea78f",
            "content_sha1": "0bc626271055461cb769ee6afae35aa0d11ff2b0",
            "content_sha256": "df9a8d940cf7c0f1b467a673b977d4385b2f129cef374252aa78b3e362618e3c",
            "content_sha512": "cf6b100ef872f3b7f424478839d71a428fbdb54470b86f13600b62dd35e89119f4ed077cb64fda7615b78ce3fedbd405a0a751071a605c7ac50743acc7e16363",
            "directory_permission": "0700",
            "file_permission": "0600",
            "filename": "./../id_rsa_gcp",
            "id": "0bc626271055461cb769ee6afae35aa0d11ff2b0",
            "source": null
          },
          "sensitive_attributes": [
            [
              {
                "type": "get_attr",
                "value": "content"
              }
            ],
            [
              {
                "type": "get_attr",
                "value": "content_base64"
              }
            ]
          ],
          "identity_schema_version": 0,
          "dependencies": [
            "tls_private_key.ssh_key"
          ]
        }
      ]
    },
    {
      "mode": "managed",
      "type": "tls_private_key",
      "name": "ssh_key",
      "provider": "provider[\"registry.terraform.io/hashicorp/tls\"]",
      "instances": [
        {
          "schema_version": 1,
          "attributes": {
            "algorithm": "RSA",
            "ecdsa_curve": "P224",
            "id": "4439c95b7a3399a42e2b846d23bb097180a01b99",
            "private_key_openssh": "-----BEGIN OPENSSH PRIVATE KEY-----\nb3BlbnNzaC1rZXktdjEAAAAABG5vbmUAAAAEbm9uZQAAAAAAAAABAAACFwAAAAdz\nc2gtcnNhAAAAAwEAAQAAAgEA6GJLTw9Utj+zPUyESd+FZ3uD7URonIMDFwy3o3HM\nQZ8sRE2Gryw9gGucTtV9/BdzMt1zBq/hp7qNijPbOcbQbr4Vb+EP4nRQnrDXyce+\n+qMGOA8F/mv7zDvCo7U9SjOyNf2G3s+/RR0Fwk8OkRk3W4SMNW9HHuDhzeOkZHy0\n5ZFGoO7ywzvP/xzkxTZ0M76pLSAuZJ6rwTU2GrepM+y0FBVtPpcAGZNodqy9XEub\nXu0ROujvoo9DKfC/kgVzMxnUQA+bataCWTcXkJbZrqNzVCKRZEQ8UbU/QLiX/ZCe\n1TnzupiDhKk26oeXWR+B4afWnIu8mXSCimRtGpbtvn/Ds5kp/Ukn9fW44bBzO5sQ\nqzsUxRDRPXnhp8WW6kYkh3t+7BM3Wx4d1pIzrq17c2BbTfpZV8cclhqbTVjbR8Cx\n4dpaemidwapaBLH+1l+d7uamc3Nx+dV9lwZL1oYRV+1wA8nMZaTsk9Qzjvfemw+E\nCz/VjF4GNPtAZOk7TogP/39+4R0ffeF75v0SouvR1QqDqzZigiHiGwIFYk5LxWDM\noezfcfT89jI9/HP/eXk1qEO2JgSe7q75XrGbznACvdNmOqr+Tn7UvyQda5zL2edp\nHUbYiUHG1yJssnu6zGNTJjZ4pHpxnzsHJl1+CxzhLS5TikT4du4FSYidM5PFh7ZI\nqGEAAAc4/yZ1nP8mdZwAAAAHc3NoLXJzYQAAAgEA6GJLTw9Utj+zPUyESd+FZ3uD\n7URonIMDFwy3o3HMQZ8sRE2Gryw9gGucTtV9/BdzMt1zBq/hp7qNijPbOcbQbr4V\nb+EP4nRQnrDXyce++qMGOA8F/mv7zDvCo7U9SjOyNf2G3s+/RR0Fwk8OkRk3W4SM\nNW9HHuDhzeOkZHy05ZFGoO7ywzvP/xzkxTZ0M76pLSAuZJ6rwTU2GrepM+y0FBVt\nPpcAGZNodqy9XEubXu0ROujvoo9DKfC/kgVzMxnUQA+bataCWTcXkJbZrqNzVCKR\nZEQ8UbU/QLiX/ZCe1TnzupiDhKk26oeXWR+B4afWnIu8mXSCimRtGpbtvn/Ds5kp\n/Ukn9fW44bBzO5sQqzsUxRDRPXnhp8WW6kYkh3t+7BM3Wx4d1pIzrq17c2BbTfpZ\nV8cclhqbTVjbR8Cx4dpaemidwapaBLH+1l+d7uamc3Nx+dV9lwZL1oYRV+1wA8nM\nZaTsk9Qzjvfemw+ECz/VjF4GNPtAZOk7TogP/39+4R0ffeF75v0SouvR1QqDqzZi\ngiHiGwIFYk5LxWDMoezfcfT89jI9/HP/eXk1qEO2JgSe7q75XrGbznACvdNmOqr+\nTn7UvyQda5zL2edpHUbYiUHG1yJssnu6zGNTJjZ4pHpxnzsHJl1+CxzhLS5TikT4\ndu4FSYidM5PFh7ZIqGEAAAADAQABAAACAEvfvCMGKGyRA97h2teb6ZzOEVco3Nct\nV5bxCgyNnVlXtUZf4bfURAhoGlMLFeV3ap+S+nmWd6EiIhCbudp1dZyS58DtxRf1\nTlVh/DLfyxVeoSswjI5zh3U5leWJyYcuteM28hBR2GuifDzjPyhVCWQSNQ1FVf1Z\nA6EL0KMWrKG/+0WUfyMLpm/vaSqTCwHSIL6hIUStIfslepLioJZZlLpx/IdRGjE/\nlf4ZjIJUFVi7IsMPRx7Wk+Ffv8zXhrOKnWiFMAOEIm8qs8D73/tLVt6DouEP/nnX\nKd3h545c599K2q90GIz6CvosZ1gsF2YsPMBER8H67pxtCcqCuQFYCfc8k5iPbz2Z\n0HvEqrt1l1WW+Xg2vJdiAduU6hzp9YXt202iWkkLBNymoD/b+rvTaU3oiRDlOKN1\n+vv56aZDftpwnuLrjvdTSlNgIemU3i7NcFwqLFe6NHlDbXA5xIfGuFX62iipPgEK\nWT9NwqKYezlbxQf3Sv+2Pz5WsHh7hToYtDQJlBthR7xoTwmVbWN/f1WzpEnRuA12\ngj0fGFiEOy4x8RfgCWL0lcwkhKTlMo/OL5jY2hEiza4OKsZF3Fh5/V0bY+jCtzD+\nusiIREOOUX7Oo/KQ8NJMQQFv5XUQvpwjVhztbYKaKQ4+2KwOzRMds9AZHyGxEGy7\ny9j6V2ax5R7ZAAABAQCb+ew1HaPMEncaLTm+JDOAYDcaTJpQ4e7PYBnwjGf+2R/7\nwqSudy85clZwIhUt08Ba+ni3GTtgyQLfFm4Qphkt77VNspdh3/sCPOQQJXJYoD4Y\nhUKHiT1aeOR4I0HHt4kLxcP8pdBiaFymB8o8lg+XSqQxug9VSG/R6NLu7e1jn6wB\nN3IaUtzN2XH8dfAQpAsmI8Sihxx+XCGJWg0O1d8Wpx56kVX6mLpYMnVqe4ZqXnwd\nVIVQl5ye1gLgeVyBtz/Ium/nlBo+Alk+gDxd2E8KUWA74hUovjZpU8lohDlPJiCI\njM+wbnQdW8m1fRJOPNr9URtEbjkHl4ROPKbFWiG1AAABAQD7hFCJ620Jc+/YtV1g\ni+iqlLqK67TdaBLD2GYYJ2kC1X1S6HtECIUPjH6pwC7eDWuBgvhHK/Wq5mhugz8g\n7unb2d84ZkQHW5JnGJx0woR6iMf4VbARlv0H3bqa+zImtOSKA6WhaPvKm/EweiM1\nQZo95qNFAYEXqWaKNxMA4j8U7mH9X1rB3VpXL60jRPYyQ0ZtaUjTchvyhwxTD8Ll\naNsogGvm6ycQmdM1SxJppBmFCtvGw6cEHJscv8BDeQrE0eev3oimUSCyNhFCBTYO\nbuSeB3mDhzh/1Y2IMVA2gaXu9B9rKrqBWlc3hbYaTR4YrYAo/TZ28aqGaiOmb/Ze\nB4qfAAABAQDshqzUlQe51EZ131EyOu39NsLPWCUQ1+KYJ+s8AUijkq8GReKKQyrZ\nhd/tNWtv8Dd8/TbR00iROULwi6rETzVZuNE8NK5BFj8O8hLh4xmyEN+Wqztm9s6K\nLpwVVVhwkRjYp7ZITCyrson0ctgltHtO83vdbWvUGOmsuSh1PJE7bHoT89tfUyhe\nEBzNtPxcUjqvWOqPnhEF+VPV/Fflan61Qe4XDRuCG5ksgqoVY7NYSmUz2AzFgf8v\nx7AVZIMaL6XtsEr+oZRfVrJAZfmk/pAKesO9J7mpCQTUcc8tUyErFrzEsJSq/Nd5\n66njGaWgfRP67EN0J/Y+2UDPA3vwJez/AAAAAAEC\n-----END OPENSSH PRIVATE KEY-----\n",
            "private_key_pem": "-----BEGIN RSA PRIVATE KEY-----\nMIIJKQIBAAKCAgEA6GJLTw9Utj+zPUyESd+FZ3uD7URonIMDFwy3o3HMQZ8sRE2G\nryw9gGucTtV9/BdzMt1zBq/hp7qNijPbOcbQbr4Vb+EP4nRQnrDXyce++qMGOA8F\n/mv7zDvCo7U9SjOyNf2G3s+/RR0Fwk8OkRk3W4SMNW9HHuDhzeOkZHy05ZFGoO7y\nwzvP/xzkxTZ0M76pLSAuZJ6rwTU2GrepM+y0FBVtPpcAGZNodqy9XEubXu0ROujv\noo9DKfC/kgVzMxnUQA+bataCWTcXkJbZrqNzVCKRZEQ8UbU/QLiX/ZCe1TnzupiD\nhKk26oeXWR+B4afWnIu8mXSCimRtGpbtvn/Ds5kp/Ukn9fW44bBzO5sQqzsUxRDR\nPXnhp8WW6kYkh3t+7BM3Wx4d1pIzrq17c2BbTfpZV8cclhqbTVjbR8Cx4dpaemid\nwapaBLH+1l+d7uamc3Nx+dV9lwZL1oYRV+1wA8nMZaTsk9Qzjvfemw+ECz/VjF4G\nNPtAZOk7TogP/39+4R0ffeF75v0SouvR1QqDqzZigiHiGwIFYk5LxWDMoezfcfT8\n9jI9/HP/eXk1qEO2JgSe7q75XrGbznACvdNmOqr+Tn7UvyQda5zL2edpHUbYiUHG\n1yJssnu6zGNTJjZ4pHpxnzsHJl1+CxzhLS5TikT4du4FSYidM5PFh7ZIqGECAwEA\nAQKCAgBL37wjBihskQPe4drXm+mczhFXKNzXLVeW8QoMjZ1ZV7VGX+G31EQIaBpT\nCxXld2qfkvp5lnehIiIQm7nadXWckufA7cUX9U5VYfwy38sVXqErMIyOc4d1OZXl\nicmHLrXjNvIQUdhronw84z8oVQlkEjUNRVX9WQOhC9CjFqyhv/tFlH8jC6Zv72kq\nkwsB0iC+oSFErSH7JXqS4qCWWZS6cfyHURoxP5X+GYyCVBVYuyLDD0ce1pPhX7/M\n14azip1ohTADhCJvKrPA+9/7S1beg6LhD/551ynd4eeOXOffStqvdBiM+gr6LGdY\nLBdmLDzAREfB+u6cbQnKgrkBWAn3PJOYj289mdB7xKq7dZdVlvl4NryXYgHblOoc\n6fWF7dtNolpJCwTcpqA/2/q702lN6IkQ5Tijdfr7+emmQ37acJ7i6473U0pTYCHp\nlN4uzXBcKixXujR5Q21wOcSHxrhV+tooqT4BClk/TcKimHs5W8UH90r/tj8+VrB4\ne4U6GLQ0CZQbYUe8aE8JlW1jf39Vs6RJ0bgNdoI9HxhYhDsuMfEX4Ali9JXMJISk\n5TKPzi+Y2NoRIs2uDirGRdxYef1dG2Powrcw/rrIiERDjlF+zqPykPDSTEEBb+V1\nEL6cI1Yc7W2CmikOPtisDs0THbPQGR8hsRBsu8vY+ldmseUe2QKCAQEA+4RQiett\nCXPv2LVdYIvoqpS6iuu03WgSw9hmGCdpAtV9Uuh7RAiFD4x+qcAu3g1rgYL4Ryv1\nquZoboM/IO7p29nfOGZEB1uSZxicdMKEeojH+FWwEZb9B926mvsyJrTkigOloWj7\nypvxMHojNUGaPeajRQGBF6lmijcTAOI/FO5h/V9awd1aVy+tI0T2MkNGbWlI03Ib\n8ocMUw/C5WjbKIBr5usnEJnTNUsSaaQZhQrbxsOnBBybHL/AQ3kKxNHnr96IplEg\nsjYRQgU2Dm7kngd5g4c4f9WNiDFQNoGl7vQfayq6gVpXN4W2Gk0eGK2AKP02dvGq\nhmojpm/2XgeKnwKCAQEA7Ias1JUHudRGdd9RMjrt/TbCz1glENfimCfrPAFIo5Kv\nBkXiikMq2YXf7TVrb/A3fP020dNIkTlC8IuqxE81WbjRPDSuQRY/DvIS4eMZshDf\nlqs7ZvbOii6cFVVYcJEY2Ke2SEwsq7KJ9HLYJbR7TvN73W1r1BjprLkodTyRO2x6\nE/PbX1MoXhAczbT8XFI6r1jqj54RBflT1fxX5Wp+tUHuFw0bghuZLIKqFWOzWEpl\nM9gMxYH/L8ewFWSDGi+l7bBK/qGUX1ayQGX5pP6QCnrDvSe5qQkE1HHPLVMhKxa8\nxLCUqvzXeeup4xmloH0T+uxDdCf2PtlAzwN78CXs/wKCAQEAyZNlqOOR472TQC86\nwyHeOrgwOR5nOfsq7uMED9+l/at0YXoJMKFTYv7KlOl9pmFDA+0fZosIvQskL03o\nzlAsBRM8H0t2wh7V2uKSodEzs7Dj81dZYP+NkzxVTdh8fSEE+Merew1UnzETwDJi\n/U+yemHaAHgQKhKOJ7+z70VkITZcOmCtsCnjOXTwYg/m8KmSTCXRRAVz+I/bhMZh\nANNksbUaxVs5V8iwyUl9XEU0XrgxI7+yn0z907CqOmlMBCnmccD766+hcLJ8alka\n1b5yY2TCMnOxCGLyp3A+RTDq9/OXKqB4ESuCMvFq3PFpaYXD7RXjDLjqXge6wq2A\n2iNZKQKCAQAeQENOlRj93XZ9kOhTolHZ9u0Hk+B5vQLQLxrY+9kMgrA7/ygwQtLy\nKzsunYx2LqUKKWCfiYRYfphfJ53Zqb/LD+ZC6wH2dR/vi2p61Y7txVazcIcSbjKQ\nXdG8sMO08fnZi+m2aXe1Jgqa5y1Z9TFoMZ///AS0hdMtMilIhUyV6xPaBXBjSsF4\n9lqYvLMiI6o5zweBAthuiSr9zV54ixxVlm8bJ6QDCgCXPsb+IVhIzIsRDGrlv/Ch\nbcrJkadq6/ku40NUOdo+L1pw/hnlzmEh1f2+7ZvDUNH7UesLgvxVBH10MplxHRF6\nGHgMAbW7RwQNLbaa3pmSBDtTvsBVQKSFAoIBAQCb+ew1HaPMEncaLTm+JDOAYDca\nTJpQ4e7PYBnwjGf+2R/7wqSudy85clZwIhUt08Ba+ni3GTtgyQLfFm4Qphkt77VN\nspdh3/sCPOQQJXJYoD4YhUKHiT1aeOR4I0HHt4kLxcP8pdBiaFymB8o8lg+XSqQx\nug9VSG/R6NLu7e1jn6wBN3IaUtzN2XH8dfAQpAsmI8Sihxx+XCGJWg0O1d8Wpx56\nkVX6mLpYMnVqe4ZqXnwdVIVQl5ye1gLgeVyBtz/Ium/nlBo+Alk+gDxd2E8KUWA7\n4hUovjZpU8lohDlPJiCIjM+wbnQdW8m1fRJOPNr9URtEbjkHl4ROPKbFWiG1\n-----END RSA PRIVATE KEY-----\n",
            "private_key_pem_pkcs8": "-----BEGIN PRIVATE KEY-----\nMIIJQwIBADANBgkqhkiG9w0BAQEFAASCCS0wggkpAgEAAoICAQDoYktPD1S2P7M9\nTIRJ34Vne4PtRGicgwMXDLejccxBnyxETYavLD2Aa5xO1X38F3My3XMGr+Gnuo2K\nM9s5xtBuvhVv4Q/idFCesNfJx776owY4DwX+a/vMO8KjtT1KM7I1/Ybez79FHQXC\nTw6RGTdbhIw1b0ce4OHN46RkfLTlkUag7vLDO8//HOTFNnQzvqktIC5knqvBNTYa\nt6kz7LQUFW0+lwAZk2h2rL1cS5te7RE66O+ij0Mp8L+SBXMzGdRAD5tq1oJZNxeQ\nltmuo3NUIpFkRDxRtT9AuJf9kJ7VOfO6mIOEqTbqh5dZH4Hhp9aci7yZdIKKZG0a\nlu2+f8OzmSn9SSf19bjhsHM7mxCrOxTFENE9eeGnxZbqRiSHe37sEzdbHh3WkjOu\nrXtzYFtN+llXxxyWGptNWNtHwLHh2lp6aJ3BqloEsf7WX53u5qZzc3H51X2XBkvW\nhhFX7XADycxlpOyT1DOO996bD4QLP9WMXgY0+0Bk6TtOiA//f37hHR994Xvm/RKi\n69HVCoOrNmKCIeIbAgViTkvFYMyh7N9x9Pz2Mj38c/95eTWoQ7YmBJ7urvlesZvO\ncAK902Y6qv5OftS/JB1rnMvZ52kdRtiJQcbXImyye7rMY1MmNnikenGfOwcmXX4L\nHOEtLlOKRPh27gVJiJ0zk8WHtkioYQIDAQABAoICAEvfvCMGKGyRA97h2teb6ZzO\nEVco3NctV5bxCgyNnVlXtUZf4bfURAhoGlMLFeV3ap+S+nmWd6EiIhCbudp1dZyS\n58DtxRf1TlVh/DLfyxVeoSswjI5zh3U5leWJyYcuteM28hBR2GuifDzjPyhVCWQS\nNQ1FVf1ZA6EL0KMWrKG/+0WUfyMLpm/vaSqTCwHSIL6hIUStIfslepLioJZZlLpx\n/IdRGjE/lf4ZjIJUFVi7IsMPRx7Wk+Ffv8zXhrOKnWiFMAOEIm8qs8D73/tLVt6D\nouEP/nnXKd3h545c599K2q90GIz6CvosZ1gsF2YsPMBER8H67pxtCcqCuQFYCfc8\nk5iPbz2Z0HvEqrt1l1WW+Xg2vJdiAduU6hzp9YXt202iWkkLBNymoD/b+rvTaU3o\niRDlOKN1+vv56aZDftpwnuLrjvdTSlNgIemU3i7NcFwqLFe6NHlDbXA5xIfGuFX6\n2iipPgEKWT9NwqKYezlbxQf3Sv+2Pz5WsHh7hToYtDQJlBthR7xoTwmVbWN/f1Wz\npEnRuA12gj0fGFiEOy4x8RfgCWL0lcwkhKTlMo/OL5jY2hEiza4OKsZF3Fh5/V0b\nY+jCtzD+usiIREOOUX7Oo/KQ8NJMQQFv5XUQvpwjVhztbYKaKQ4+2KwOzRMds9AZ\nHyGxEGy7y9j6V2ax5R7ZAoIBAQD7hFCJ620Jc+/YtV1gi+iqlLqK67TdaBLD2GYY\nJ2kC1X1S6HtECIUPjH6pwC7eDWuBgvhHK/Wq5mhugz8g7unb2d84ZkQHW5JnGJx0\nwoR6iMf4VbARlv0H3bqa+zImtOSKA6WhaPvKm/EweiM1QZo95qNFAYEXqWaKNxMA\n4j8U7mH9X1rB3VpXL60jRPYyQ0ZtaUjTchvyhwxTD8LlaNsogGvm6ycQmdM1SxJp\npBmFCtvGw6cEHJscv8BDeQrE0eev3oimUSCyNhFCBTYObuSeB3mDhzh/1Y2IMVA2\ngaXu9B9rKrqBWlc3hbYaTR4YrYAo/TZ28aqGaiOmb/ZeB4qfAoIBAQDshqzUlQe5\n1EZ131EyOu39NsLPWCUQ1+KYJ+s8AUijkq8GReKKQyrZhd/tNWtv8Dd8/TbR00iR\nOULwi6rETzVZuNE8NK5BFj8O8hLh4xmyEN+Wqztm9s6KLpwVVVhwkRjYp7ZITCyr\nson0ctgltHtO83vdbWvUGOmsuSh1PJE7bHoT89tfUyheEBzNtPxcUjqvWOqPnhEF\n+VPV/Fflan61Qe4XDRuCG5ksgqoVY7NYSmUz2AzFgf8vx7AVZIMaL6XtsEr+oZRf\nVrJAZfmk/pAKesO9J7mpCQTUcc8tUyErFrzEsJSq/Nd566njGaWgfRP67EN0J/Y+\n2UDPA3vwJez/AoIBAQDJk2Wo45HjvZNALzrDId46uDA5Hmc5+yru4wQP36X9q3Rh\negkwoVNi/sqU6X2mYUMD7R9miwi9CyQvTejOUCwFEzwfS3bCHtXa4pKh0TOzsOPz\nV1lg/42TPFVN2Hx9IQT4x6t7DVSfMRPAMmL9T7J6YdoAeBAqEo4nv7PvRWQhNlw6\nYK2wKeM5dPBiD+bwqZJMJdFEBXP4j9uExmEA02SxtRrFWzlXyLDJSX1cRTReuDEj\nv7KfTP3TsKo6aUwEKeZxwPvrr6FwsnxqWRrVvnJjZMIyc7EIYvKncD5FMOr385cq\noHgRK4Iy8Wrc8WlphcPtFeMMuOpeB7rCrYDaI1kpAoIBAB5AQ06VGP3ddn2Q6FOi\nUdn27QeT4Hm9AtAvGtj72QyCsDv/KDBC0vIrOy6djHYupQopYJ+JhFh+mF8nndmp\nv8sP5kLrAfZ1H++LanrVju3FVrNwhxJuMpBd0byww7Tx+dmL6bZpd7UmCprnLVn1\nMWgxn//8BLSF0y0yKUiFTJXrE9oFcGNKwXj2Wpi8syIjqjnPB4EC2G6JKv3NXniL\nHFWWbxsnpAMKAJc+xv4hWEjMixEMauW/8KFtysmRp2rr+S7jQ1Q52j4vWnD+GeXO\nYSHV/b7tm8NQ0ftR6wuC/FUEfXQymXEdEXoYeAwBtbtHBA0ttpremZIEO1O+wFVA\npIUCggEBAJv57DUdo8wSdxotOb4kM4BgNxpMmlDh7s9gGfCMZ/7ZH/vCpK53Lzly\nVnAiFS3TwFr6eLcZO2DJAt8WbhCmGS3vtU2yl2Hf+wI85BAlcligPhiFQoeJPVp4\n5HgjQce3iQvFw/yl0GJoXKYHyjyWD5dKpDG6D1VIb9Ho0u7t7WOfrAE3chpS3M3Z\ncfx18BCkCyYjxKKHHH5cIYlaDQ7V3xanHnqRVfqYulgydWp7hmpefB1UhVCXnJ7W\nAuB5XIG3P8i6b+eUGj4CWT6APF3YTwpRYDviFSi+NmlTyWiEOU8mIIiMz7BudB1b\nybV9Ek482v1RG0RuOQeXhE48psVaIbU=\n-----END PRIVATE KEY-----\n",
            "public_key_fingerprint_md5": "64:70:86:12:ff:9e:c6:48:ac:fa:da:5c:52:a7:6c:25",
            "public_key_fingerprint_sha256": "SHA256:+ogbEXO4o9LFDoQXYRjvMj0emlNMjvXxx/ny26f603k",
            "public_key_openssh": "ssh-rsa AAAAB3NzaC1yc2EAAAADAQABAAACAQDoYktPD1S2P7M9TIRJ34Vne4PtRGicgwMXDLejccxBnyxETYavLD2Aa5xO1X38F3My3XMGr+Gnuo2KM9s5xtBuvhVv4Q/idFCesNfJx776owY4DwX+a/vMO8KjtT1KM7I1/Ybez79FHQXCTw6RGTdbhIw1b0ce4OHN46RkfLTlkUag7vLDO8//HOTFNnQzvqktIC5knqvBNTYat6kz7LQUFW0+lwAZk2h2rL1cS5te7RE66O+ij0Mp8L+SBXMzGdRAD5tq1oJZNxeQltmuo3NUIpFkRDxRtT9AuJf9kJ7VOfO6mIOEqTbqh5dZH4Hhp9aci7yZdIKKZG0alu2+f8OzmSn9SSf19bjhsHM7mxCrOxTFENE9eeGnxZbqRiSHe37sEzdbHh3WkjOurXtzYFtN+llXxxyWGptNWNtHwLHh2lp6aJ3BqloEsf7WX53u5qZzc3H51X2XBkvWhhFX7XADycxlpOyT1DOO996bD4QLP9WMXgY0+0Bk6TtOiA//f37hHR994Xvm/RKi69HVCoOrNmKCIeIbAgViTkvFYMyh7N9x9Pz2Mj38c/95eTWoQ7YmBJ7urvlesZvOcAK902Y6qv5OftS/JB1rnMvZ52kdRtiJQcbXImyye7rMY1MmNnikenGfOwcmXX4LHOEtLlOKRPh27gVJiJ0zk8WHtkioYQ==\n",
            "public_key_pem": "-----BEGIN PUBLIC KEY-----\nMIICIjANBgkqhkiG9w0BAQEFAAOCAg8AMIICCgKCAgEA6GJLTw9Utj+zPUyESd+F\nZ3uD7URonIMDFwy3o3HMQZ8sRE2Gryw9gGucTtV9/BdzMt1zBq/hp7qNijPbOcbQ\nbr4Vb+EP4nRQnrDXyce++qMGOA8F/mv7zDvCo7U9SjOyNf2G3s+/RR0Fwk8OkRk3\nW4SMNW9HHuDhzeOkZHy05ZFGoO7ywzvP/xzkxTZ0M76pLSAuZJ6rwTU2GrepM+y0\nFBVtPpcAGZNodqy9XEubXu0ROujvoo9DKfC/kgVzMxnUQA+bataCWTcXkJbZrqNz\nVCKRZEQ8UbU/QLiX/ZCe1TnzupiDhKk26oeXWR+B4afWnIu8mXSCimRtGpbtvn/D\ns5kp/Ukn9fW44bBzO5sQqzsUxRDRPXnhp8WW6kYkh3t+7BM3Wx4d1pIzrq17c2Bb\nTfpZV8cclhqbTVjbR8Cx4dpaemidwapaBLH+1l+d7uamc3Nx+dV9lwZL1oYRV+1w\nA8nMZaTsk9Qzjvfemw+ECz/VjF4GNPtAZOk7TogP/39+4R0ffeF75v0SouvR1QqD\nqzZigiHiGwIFYk5LxWDMoezfcfT89jI9/HP/eXk1qEO2JgSe7q75XrGbznACvdNm\nOqr+Tn7UvyQda5zL2edpHUbYiUHG1yJssnu6zGNTJjZ4pHpxnzsHJl1+CxzhLS5T\nikT4du4FSYidM5PFh7ZIqGECAwEAAQ==\n-----END PUBLIC KEY-----\n",
            "rsa_bits": 4096
          },
          "sensitive_attributes": [
            [
              {
                "type": "get_attr",
                "value": "private_key_openssh"
              }
            ],
            [
              {
                "type": "get_attr",
                "value": "private_key_pem"
              }
            ],
            [
              {
                "type": "get_attr",
                "value": "private_key_pem_pkcs8"
              }
            ]
          ],
          "identity_schema_version": 0
        }
      ]
    }
  ],
  "check_results": null
}
